// !$*UTF8*$!
{
    archiveVersion = 1;
    classes = {};
    objectVersion = 56;
    objects = {

/* Begin PBXBuildFile section */
        D10000000000000000000001 = {isa = PBXBuildFile; fileRef = D20000000000000000000001; };
        C10000000000000000000016 = {isa = PBXBuildFile; fileRef = C20000000000000000000016; };
        C10000000000000000000015 = {isa = PBXBuildFile; fileRef = C20000000000000000000015; };
        C10000000000000000000014 = {isa = PBXBuildFile; fileRef = C20000000000000000000014; };
        C10000000000000000000013 = {isa = PBXBuildFile; fileRef = C20000000000000000000013; };
        C10000000000000000000012 = {isa = PBXBuildFile; fileRef = C20000000000000000000012; };
        C10000000000000000000011 = {isa = PBXBuildFile; fileRef = C20000000000000000000011; };
        C10000000000000000000010 = {isa = PBXBuildFile; fileRef = C20000000000000000000010; };
        B10000000000000000000001 = {isa = PBXBuildFile; fileRef = B20000000000000000000001; };
        A10000000000000000000001 /* AppDelegate.swift in Sources */ = {isa = PBXBuildFile; fileRef = A20000000000000000000001 /* AppDelegate.swift */; };
        A10000000000000000000002 /* StatusModel.swift in Sources */ = {isa = PBXBuildFile; fileRef = A20000000000000000000002 /* StatusModel.swift */; };
        A10000000000000000000003 /* CapsuleView.swift in Sources */ = {isa = PBXBuildFile; fileRef = A20000000000000000000003 /* CapsuleView.swift */; };
        A10000000000000000000004 /* CapsuleController.swift in Sources */ = {isa = PBXBuildFile; fileRef = A20000000000000000000004 /* CapsuleController.swift */; };
/* End PBXBuildFile section */

/* Begin PBXFileReference section */
        D20000000000000000000001 = {isa = PBXFileReference; lastKnownFileType = image.icns; path = Lume/EkoAppIcon.icns; sourceTree = SOURCE_ROOT; };
        C20000000000000000000016 = {isa = PBXFileReference; lastKnownFileType = sourcecode.swift; path = LumeCoordinator.swift; sourceTree = "<group>"; };
        C20000000000000000000015 = {isa = PBXFileReference; lastKnownFileType = sourcecode.swift; path = SettingsView.swift; sourceTree = "<group>"; };
        C20000000000000000000014 = {isa = PBXFileReference; lastKnownFileType = sourcecode.swift; path = MediaPlayer.swift; sourceTree = "<group>"; };
        C20000000000000000000013 = {isa = PBXFileReference; lastKnownFileType = sourcecode.swift; path = OverlayManager.swift; sourceTree = "<group>"; };
        C20000000000000000000012 = {isa = PBXFileReference; lastKnownFileType = sourcecode.swift; path = AudioDeviceManager.swift; sourceTree = "<group>"; };
        C20000000000000000000011 = {isa = PBXFileReference; lastKnownFileType = sourcecode.swift; path = HUDView.swift; sourceTree = "<group>"; };
        C20000000000000000000010 = {isa = PBXFileReference; lastKnownFileType = sourcecode.swift; path = HUDManager.swift; sourceTree = "<group>"; };
        B20000000000000000000001 = {isa = PBXFileReference; lastKnownFileType = image.png; path = SiriTahoe.png; sourceTree = "<group>"; };
        A20000000000000000000001 /* AppDelegate.swift */ = {isa = PBXFileReference; lastKnownFileType = sourcecode.swift; path = AppDelegate.swift; sourceTree = "<group>"; };
        A20000000000000000000002 /* StatusModel.swift */ = {isa = PBXFileReference; lastKnownFileType = sourcecode.swift; path = StatusModel.swift; sourceTree = "<group>"; };
        A20000000000000000000003 /* CapsuleView.swift */ = {isa = PBXFileReference; lastKnownFileType = sourcecode.swift; path = CapsuleView.swift; sourceTree = "<group>"; };
        A20000000000000000000004 /* CapsuleController.swift */ = {isa = PBXFileReference; lastKnownFileType = sourcecode.swift; path = CapsuleController.swift; sourceTree = "<group>"; };
        A20000000000000000000005 /* Info.plist */ = {isa = PBXFileReference; lastKnownFileType = text.plist.xml; path = Info.plist; sourceTree = "<group>"; };
        A20000000000000000000006 /* Lume.app */ = {isa = PBXFileReference; explicitFileType = wrapper.application; includeInIndex = 0; path = "Eko.app"; sourceTree = BUILT_PRODUCTS_DIR; };
/* End PBXFileReference section */

/* Begin PBXFrameworksBuildPhase section */
        A30000000000000000000001 /* Frameworks */ = {
            isa = PBXFrameworksBuildPhase;
            buildActionMask = 2147483647;
            files = ();
            runOnlyForDeploymentPostprocessing = 0;
        };
/* End PBXFrameworksBuildPhase section */

/* Begin PBXGroup section */
        A40000000000000000000001 = {
            isa = PBXGroup;
            children = (
                A40000000000000000000002 /* Lume */,
                A40000000000000000000003 /* Products */,
            );
            sourceTree = "<group>";
        };
        A40000000000000000000002 /* Lume */ = {
            isa = PBXGroup;
            children = (
                A20000000000000000000001 /* AppDelegate.swift */,
                A20000000000000000000002 /* StatusModel.swift */,
                A20000000000000000000003 /* CapsuleView.swift */,
                A20000000000000000000004 /* CapsuleController.swift */,
                A20000000000000000000005 /* Info.plist */,
                C20000000000000000000016,
                C20000000000000000000015,
                C20000000000000000000014,
                C20000000000000000000013,
                C20000000000000000000012,
                C20000000000000000000011,
                C20000000000000000000010,
                B20000000000000000000001 /* SiriTahoe.png */,
            );
            path = Lume;
            sourceTree = "<group>";
        };
        A40000000000000000000003 /* Products */ = {
            isa = PBXGroup;
            children = (A20000000000000000000006 /* Lume.app */);
            name = Products;
            sourceTree = "<group>";
        };
/* End PBXGroup section */

/* Begin PBXNativeTarget section */
        A50000000000000000000001 /* Lume */ = {
            isa = PBXNativeTarget;
            buildConfigurationList = A90000000000000000000002 /* Build configuration list for PBXNativeTarget */;
            buildPhases = (
                C30000000000000000000001,
                A60000000000000000000001 /* Sources */,
                A30000000000000000000001 /* Frameworks */,
                A70000000000000000000001 /* Resources */,
            );
            buildRules = ();
            dependencies = ();
            name = Lume;
            productName = "Eko";
            productReference = A20000000000000000000006 /* Lume.app */;
            productType = "com.apple.product-type.application";
        };
/* End PBXNativeTarget section */

/* Begin PBXProject section */
        A80000000000000000000001 /* Project object */ = {
            isa = PBXProject;
            attributes = {
                BuildIndependentTargetsInParallel = 1;
                LastSwiftUpdateCheck = 1500;
                LastUpgradeCheck = 1500;
                TargetAttributes = { A50000000000000000000001 = { CreatedOnToolsVersion = 15.0; }; };
            };
            buildConfigurationList = A90000000000000000000001 /* Build configuration list for PBXProject */;
            compatibilityVersion = "Xcode 14.0";
            developmentRegion = pt_BR;
            hasScannedForEncodings = 0;
            knownRegions = (pt_BR, en, Base);
            mainGroup = A40000000000000000000001;
            productRefGroup = A40000000000000000000003 /* Products */;
            projectDirPath = "";
            projectRoot = "";
            targets = (A50000000000000000000001 /* Lume */);
        };
/* End PBXProject section */

/* Begin PBXShellScriptBuildPhase section */
 C30000000000000000000001 = {isa = PBXShellScriptBuildPhase; buildActionMask = 2147483647; files = (); inputPaths = ("$(SRCROOT)/Lume/OSDGuardian.c"); outputPaths = ("$(TARGET_BUILD_DIR)/$(EXECUTABLE_FOLDER_PATH)/OSDGuardian"); runOnlyForDeploymentPostprocessing = 0; shellPath = /bin/sh; shellScript = "mkdir -p \"$TARGET_BUILD_DIR/$EXECUTABLE_FOLDER_PATH\"\nxcrun clang -arch x86_64 -mmacosx-version-min=13.0 -O2 \"$SRCROOT/Lume/OSDGuardian.c\" -o \"$TARGET_BUILD_DIR/$EXECUTABLE_FOLDER_PATH/OSDGuardian\"\ncodesign --force --sign - \"$TARGET_BUILD_DIR/$EXECUTABLE_FOLDER_PATH/OSDGuardian\""; };
/* End PBXShellScriptBuildPhase section */
/* Begin PBXResourcesBuildPhase section */
        A70000000000000000000001 /* Resources */ = {
            isa = PBXResourcesBuildPhase;
            buildActionMask = 2147483647;
            files = (B10000000000000000000001,D10000000000000000000001,);
            runOnlyForDeploymentPostprocessing = 0;
        };
/* End PBXResourcesBuildPhase section */

/* Begin PBXSourcesBuildPhase section */
        A60000000000000000000001 /* Sources */ = {
            isa = PBXSourcesBuildPhase;
            buildActionMask = 2147483647;
            files = (
                A10000000000000000000001 /* AppDelegate.swift in Sources */,
                A10000000000000000000002 /* StatusModel.swift in Sources */,
                A10000000000000000000003 /* CapsuleView.swift in Sources */,
                A10000000000000000000004 /* CapsuleController.swift in Sources */,
                C10000000000000000000016,
                C10000000000000000000015,
                C10000000000000000000014,
                C10000000000000000000013,
                C10000000000000000000012,
                C10000000000000000000011,
                C10000000000000000000010,
            );
            runOnlyForDeploymentPostprocessing = 0;
        };
/* End PBXSourcesBuildPhase section */

/* Begin XCBuildConfiguration section */
        AA0000000000000000000001 /* Debug */ = {isa = XCBuildConfiguration; buildSettings = {MACOSX_DEPLOYMENT_TARGET = 13.0; SDKROOT = macosx; SWIFT_ACTIVE_COMPILATION_CONDITIONS = DEBUG; SWIFT_OPTIMIZATION_LEVEL = "-Onone"; }; name = Debug; };
        AA0000000000000000000002 /* Release */ = {isa = XCBuildConfiguration; buildSettings = {MACOSX_DEPLOYMENT_TARGET = 13.0; SDKROOT = macosx; SWIFT_COMPILATION_MODE = wholemodule; SWIFT_OPTIMIZATION_LEVEL = "-O"; }; name = Release; };
        AA0000000000000000000003 /* Debug */ = {isa = XCBuildConfiguration; buildSettings = {ARCHS = x86_64; CODE_SIGN_STYLE = Automatic; CURRENT_PROJECT_VERSION = 1; GENERATE_INFOPLIST_FILE = NO; INFOPLIST_FILE = Lume/Info.plist; LD_RUNPATH_SEARCH_PATHS = ("$(inherited)", "@executable_path/../Frameworks"); MARKETING_VERSION = 1.0; PRODUCT_BUNDLE_IDENTIFIER = com.eduvini.lume; PRODUCT_NAME = "Eko"; SWIFT_EMIT_LOC_STRINGS = YES; SWIFT_VERSION = 5.0; }; name = Debug; };
        AA0000000000000000000004 /* Release */ = {isa = XCBuildConfiguration; buildSettings = {ARCHS = x86_64; CODE_SIGN_STYLE = Automatic; CURRENT_PROJECT_VERSION = 1; GENERATE_INFOPLIST_FILE = NO; INFOPLIST_FILE = Lume/Info.plist; LD_RUNPATH_SEARCH_PATHS = ("$(inherited)", "@executable_path/../Frameworks"); MARKETING_VERSION = 1.0; PRODUCT_BUNDLE_IDENTIFIER = com.eduvini.lume; PRODUCT_NAME = "Eko"; SWIFT_EMIT_LOC_STRINGS = YES; SWIFT_VERSION = 5.0; }; name = Release; };
/* End XCBuildConfiguration section */

/* Begin XCConfigurationList section */
        A90000000000000000000001 /* Build configuration list for PBXProject */ = {isa = XCConfigurationList; buildConfigurations = (AA0000000000000000000001, AA0000000000000000000002); defaultConfigurationIsVisible = 0; defaultConfigurationName = Release; };
        A90000000000000000000002 /* Build configuration list for PBXNativeTarget */ = {isa = XCConfigurationList; buildConfigurations = (AA0000000000000000000003, AA0000000000000000000004); defaultConfigurationIsVisible = 0; defaultConfigurationName = Release; };
/* End XCConfigurationList section */
    };
    rootObject = A80000000000000000000001 /* Project object */;
}
